{
  "name": "@enhance/styles",
  "version": "1.0.0",
  "lockfileVersion": 2,
  "requires": true,
  "packages": {
    "": {
      "name": "@enhance/styles",
      "version": "1.0.0",
      "license": "Apache-2.0",
      "dependencies": {
        "modular-scale": "^5.1.2"
      },
      "bin": {
        "enhance": "cli.js"
      }
    },
    "node_modules/modular-scale": {
      "version": "5.1.2",
      "resolved": "https://registry.npmjs.org/modular-scale/-/modular-scale-5.1.2.tgz",
      "integrity": "sha512-xKH8sEdYugwkl+7AxCqZt3RXF2DN3h0G04QhdUt8PDWhx16cVsx+B8dT61qG2BghSwieTGkkjq7Tc6FqnEEl2g=="
    }
  },
  "dependencies": {
    "modular-scale": {
      "version": "5.1.2",
      "resolved": "https://registry.npmjs.org/modular-scale/-/modular-scale-5.1.2.tgz",
      "integrity": "sha512-xKH8sEdYugwkl+7AxCqZt3RXF2DN3h0G04QhdUt8PDWhx16cVsx+B8dT61qG2BghSwieTGkkjq7Tc6FqnEEl2g=="
    }
  }
}
